
Microsoft Visual Studio Solution File, Format Version 12.00
# Visual Studio 14
VisualStudioVersion = 14.0.25420.1
MinimumVisualStudioVersion = 10.0.40219.1
Project("{FAE04EC0-301F-11D3-BF4B-00C04F79EFBC}") = "EFModels", "EFModels\EFModels.csproj", "{A6AD83D3-C093-4187-BD13-A96AFA4AF05D}"
EndProject
Project("{FAE04EC0-301F-11D3-BF4B-00C04F79EFBC}") = "Part2.Test", "Part2.Test\Part2.Test.csproj", "{8A86FB99-E841-4013-8EC5-0ED66CE15D24}"
EndProject
Global
	GlobalSection(SolutionConfigurationPlatforms) = preSolution
		Debug|Any CPU = Debug|Any CPU
		Release|Any CPU = Release|Any CPU
	EndGlobalSection
	GlobalSection(ProjectConfigurationPlatforms) = postSolution
		{A6AD83D3-C093-4187-BD13-A96AFA4AF05D}.Debug|Any CPU.ActiveCfg = Debug|Any CPU
		{A6AD83D3-C093-4187-BD13-A96AFA4AF05D}.Debug|Any CPU.Build.0 = Debug|Any CPU
		{A6AD83D3-C093-4187-BD13-A96AFA4AF05D}.Release|Any CPU.ActiveCfg = Release|Any CPU
		{A6AD83D3-C093-4187-BD13-A96AFA4AF05D}.Release|Any CPU.Build.0 = Release|Any CPU
		{8A86FB99-E841-4013-8EC5-0ED66CE15D24}.Debug|Any CPU.ActiveCfg = Debug|Any CPU
		{8A86FB99-E841-4013-8EC5-0ED66CE15D24}.Debug|Any CPU.Build.0 = Debug|Any CPU
		{8A86FB99-E841-4013-8EC5-0ED66CE15D24}.Release|Any CPU.ActiveCfg = Release|Any CPU
		{8A86FB99-E841-4013-8EC5-0ED66CE15D24}.Release|Any CPU.Build.0 = Release|Any CPU
	EndGlobalSection
	GlobalSection(SolutionProperties) = preSolution
		HideSolutionNode = FALSE
	EndGlobalSection
EndGlobal
